
Microsoft Visual Studio Solution File, Format Version 12.00
# Visual Studio Version 17
VisualStudioVersion = 17.1.32210.238
MinimumVisualStudioVersion = 10.0.40219.1
Project("{FAE04EC0-301F-11D3-BF4B-00C04F79EFBC}") = "frmMain", "frmMain\frmMain.csproj", "{A22A512E-F077-4706-A4F0-A8CB76E0AD84}"
EndProject
Global
	GlobalSection(SolutionConfigurationPlatforms) = preSolution
		Debug|Any CPU = Debug|Any CPU
		Release|Any CPU = Release|Any CPU
	EndGlobalSection
	GlobalSection(ProjectConfigurationPlatforms) = postSolution
		{A22A512E-F077-4706-A4F0-A8CB76E0AD84}.Debug|Any CPU.ActiveCfg = Debug|Any CPU
		{A22A512E-F077-4706-A4F0-A8CB76E0AD84}.Debug|Any CPU.Build.0 = Debug|Any CPU
		{A22A512E-F077-4706-A4F0-A8CB76E0AD84}.Release|Any CPU.ActiveCfg = Release|Any CPU
		{A22A512E-F077-4706-A4F0-A8CB76E0AD84}.Release|Any CPU.Build.0 = Release|Any CPU
	EndGlobalSection
	GlobalSection(SolutionProperties) = preSolution
		HideSolutionNode = FALSE
	EndGlobalSection
	GlobalSection(ExtensibilityGlobals) = postSolution
		SolutionGuid = {4E44403B-5DF2-4405-B808-076969A50E24}
	EndGlobalSection
EndGlobal
